
Microsoft Visual Studio Solution File, Format Version 12.00
# Visual Studio Version 16
VisualStudioVersion = 16.0.29613.14
MinimumVisualStudioVersion = 10.0.40219.1
Project("{FAE04EC0-301F-11D3-BF4B-00C04F79EFBC}") = "WebApplication1", "WebApplication1.csproj", "{B7AB701D-9C91-4BD3-A14C-64805FE0AFD5}"
EndProject
Global
	GlobalSection(SolutionConfigurationPlatforms) = preSolution
		Debug|Any CPU = Debug|Any CPU
		Release|Any CPU = Release|Any CPU
	EndGlobalSection
	GlobalSection(ProjectConfigurationPlatforms) = postSolution
		{B7AB701D-9C91-4BD3-A14C-64805FE0AFD5}.Debug|Any CPU.ActiveCfg = Debug|Any CPU
		{B7AB701D-9C91-4BD3-A14C-64805FE0AFD5}.Debug|Any CPU.Build.0 = Debug|Any CPU
		{B7AB701D-9C91-4BD3-A14C-64805FE0AFD5}.Release|Any CPU.ActiveCfg = Release|Any CPU
		{B7AB701D-9C91-4BD3-A14C-64805FE0AFD5}.Release|Any CPU.Build.0 = Release|Any CPU
	EndGlobalSection
	GlobalSection(SolutionProperties) = preSolution
		HideSolutionNode = FALSE
	EndGlobalSection
	GlobalSection(ExtensibilityGlobals) = postSolution
		SolutionGuid = {5472A47F-B584-470D-833A-AEEEB0CF8B78}
	EndGlobalSection
EndGlobal
